
Microsoft Visual Studio Solution File, Format Version 12.00
# Visual Studio Version 17
VisualStudioVersion = 17.14.36408.4 d17.14
MinimumVisualStudioVersion = 10.0.40219.1
Project("{FAE04EC0-301F-11D3-BF4B-00C04F79EFBC}") = "WorkoutLogger", "WorkoutLogger\WorkoutLogger.csproj", "{F078A645-05AD-4511-9546-B3C8678C075C}"
EndProject
Global
	GlobalSection(SolutionConfigurationPlatforms) = preSolution
		Debug|Any CPU = Debug|Any CPU
		Release|Any CPU = Release|Any CPU
	EndGlobalSection
	GlobalSection(ProjectConfigurationPlatforms) = postSolution
		{F078A645-05AD-4511-9546-B3C8678C075C}.Debug|Any CPU.ActiveCfg = Debug|Any CPU
		{F078A645-05AD-4511-9546-B3C8678C075C}.Debug|Any CPU.Build.0 = Debug|Any CPU
		{F078A645-05AD-4511-9546-B3C8678C075C}.Release|Any CPU.ActiveCfg = Release|Any CPU
		{F078A645-05AD-4511-9546-B3C8678C075C}.Release|Any CPU.Build.0 = Release|Any CPU
	EndGlobalSection
	GlobalSection(SolutionProperties) = preSolution
		HideSolutionNode = FALSE
	EndGlobalSection
	GlobalSection(ExtensibilityGlobals) = postSolution
		SolutionGuid = {B7E9E773-0C01-44DB-A59B-C7C75790092C}
	EndGlobalSection
EndGlobal
